
Microsoft Visual Studio Solution File, Format Version 12.00
# Visual Studio Version 17
VisualStudioVersion = 17.8.34511.84
MinimumVisualStudioVersion = 10.0.40219.1
Project("{FAE04EC0-301F-11D3-BF4B-00C04F79EFBC}") = "AzureBlobStorageIntegration", "AzureBlobStorageIntegration.csproj", "{9F37DD55-3170-42F5-AC92-50C9CFF23633}"
EndProject
Global
	GlobalSection(SolutionConfigurationPlatforms) = preSolution
		Debug|Any CPU = Debug|Any CPU
		Release|Any CPU = Release|Any CPU
	EndGlobalSection
	GlobalSection(ProjectConfigurationPlatforms) = postSolution
		{9F37DD55-3170-42F5-AC92-50C9CFF23633}.Debug|Any CPU.ActiveCfg = Debug|Any CPU
		{9F37DD55-3170-42F5-AC92-50C9CFF23633}.Debug|Any CPU.Build.0 = Debug|Any CPU
		{9F37DD55-3170-42F5-AC92-50C9CFF23633}.Release|Any CPU.ActiveCfg = Release|Any CPU
		{9F37DD55-3170-42F5-AC92-50C9CFF23633}.Release|Any CPU.Build.0 = Release|Any CPU
	EndGlobalSection
	GlobalSection(SolutionProperties) = preSolution
		HideSolutionNode = FALSE
	EndGlobalSection
	GlobalSection(ExtensibilityGlobals) = postSolution
		SolutionGuid = {9665879D-6ED5-4EE8-A9FB-989ADE8FD988}
	EndGlobalSection
EndGlobal
